
Microsoft Visual Studio Solution File, Format Version 12.00
# Visual Studio Version 16
VisualStudioVersion = 16.0.30907.101
MinimumVisualStudioVersion = 10.0.40219.1
Project("{FAE04EC0-301F-11D3-BF4B-00C04F79EFBC}") = "Admin", "Admin\Admin.csproj", "{E4782F2D-4F27-4AC8-9F83-F4D4770122AE}"
EndProject
Project("{FAE04EC0-301F-11D3-BF4B-00C04F79EFBC}") = "User", "User\User.csproj", "{6A3CE9E8-4AAC-4920-BF88-6AE2900866BC}"
EndProject
Global
	GlobalSection(SolutionConfigurationPlatforms) = preSolution
		Debug|Any CPU = Debug|Any CPU
		Release|Any CPU = Release|Any CPU
	EndGlobalSection
	GlobalSection(ProjectConfigurationPlatforms) = postSolution
		{E4782F2D-4F27-4AC8-9F83-F4D4770122AE}.Debug|Any CPU.ActiveCfg = Debug|Any CPU
		{E4782F2D-4F27-4AC8-9F83-F4D4770122AE}.Debug|Any CPU.Build.0 = Debug|Any CPU
		{E4782F2D-4F27-4AC8-9F83-F4D4770122AE}.Release|Any CPU.ActiveCfg = Release|Any CPU
		{E4782F2D-4F27-4AC8-9F83-F4D4770122AE}.Release|Any CPU.Build.0 = Release|Any CPU
		{6A3CE9E8-4AAC-4920-BF88-6AE2900866BC}.Debug|Any CPU.ActiveCfg = Debug|Any CPU
		{6A3CE9E8-4AAC-4920-BF88-6AE2900866BC}.Debug|Any CPU.Build.0 = Debug|Any CPU
		{6A3CE9E8-4AAC-4920-BF88-6AE2900866BC}.Release|Any CPU.ActiveCfg = Release|Any CPU
		{6A3CE9E8-4AAC-4920-BF88-6AE2900866BC}.Release|Any CPU.Build.0 = Release|Any CPU
	EndGlobalSection
	GlobalSection(SolutionProperties) = preSolution
		HideSolutionNode = FALSE
	EndGlobalSection
	GlobalSection(ExtensibilityGlobals) = postSolution
		SolutionGuid = {A16503C5-F939-4456-A437-8FEB511E7FDC}
	EndGlobalSection
EndGlobal
