
Microsoft Visual Studio Solution File, Format Version 12.00
# Visual Studio Version 16
VisualStudioVersion = 16.0.30907.101
MinimumVisualStudioVersion = 10.0.40219.1
Project("{FAE04EC0-301F-11D3-BF4B-00C04F79EFBC}") = "GUEST", "GUEST\GUEST.csproj", "{4F2E7FF0-BD72-49CD-97E3-E4E8EBC09FFB}"
EndProject
Project("{FAE04EC0-301F-11D3-BF4B-00C04F79EFBC}") = "ADMIN", "ADMIN\ADMIN.csproj", "{ECDF1A00-BF7E-42FD-AFFF-C7F9A5C7156E}"
EndProject
Project("{FAE04EC0-301F-11D3-BF4B-00C04F79EFBC}") = "MANAGER", "MANAGER\MANAGER.csproj", "{26980D82-617F-4E58-9C17-9446A5746D5C}"
EndProject
Global
	GlobalSection(SolutionConfigurationPlatforms) = preSolution
		Debug|Any CPU = Debug|Any CPU
		Release|Any CPU = Release|Any CPU
	EndGlobalSection
	GlobalSection(ProjectConfigurationPlatforms) = postSolution
		{4F2E7FF0-BD72-49CD-97E3-E4E8EBC09FFB}.Debug|Any CPU.ActiveCfg = Debug|Any CPU
		{4F2E7FF0-BD72-49CD-97E3-E4E8EBC09FFB}.Debug|Any CPU.Build.0 = Debug|Any CPU
		{4F2E7FF0-BD72-49CD-97E3-E4E8EBC09FFB}.Release|Any CPU.ActiveCfg = Release|Any CPU
		{4F2E7FF0-BD72-49CD-97E3-E4E8EBC09FFB}.Release|Any CPU.Build.0 = Release|Any CPU
		{ECDF1A00-BF7E-42FD-AFFF-C7F9A5C7156E}.Debug|Any CPU.ActiveCfg = Debug|Any CPU
		{ECDF1A00-BF7E-42FD-AFFF-C7F9A5C7156E}.Debug|Any CPU.Build.0 = Debug|Any CPU
		{ECDF1A00-BF7E-42FD-AFFF-C7F9A5C7156E}.Release|Any CPU.ActiveCfg = Release|Any CPU
		{ECDF1A00-BF7E-42FD-AFFF-C7F9A5C7156E}.Release|Any CPU.Build.0 = Release|Any CPU
		{26980D82-617F-4E58-9C17-9446A5746D5C}.Debug|Any CPU.ActiveCfg = Debug|Any CPU
		{26980D82-617F-4E58-9C17-9446A5746D5C}.Debug|Any CPU.Build.0 = Debug|Any CPU
		{26980D82-617F-4E58-9C17-9446A5746D5C}.Release|Any CPU.ActiveCfg = Release|Any CPU
		{26980D82-617F-4E58-9C17-9446A5746D5C}.Release|Any CPU.Build.0 = Release|Any CPU
	EndGlobalSection
	GlobalSection(SolutionProperties) = preSolution
		HideSolutionNode = FALSE
	EndGlobalSection
	GlobalSection(ExtensibilityGlobals) = postSolution
		SolutionGuid = {A16503C5-F939-4456-A437-8FEB511E7FDC}
	EndGlobalSection
EndGlobal
